{
  "name": "chidori-integrations",
  "version": "0.1.0",
  "lockfileVersion": 3,
  "requires": true,
  "packages": {
    "": {
      "name": "chidori-integrations",
      "version": "0.1.0",
      "license": "Apache-2.0",
      "workspaces": [
        "packages/*"
      ],
      "devDependencies": {
        "typescript": "^5.4.0"
      },
      "engines": {
        "node": ">=18"
      }
    },
    "node_modules/@chidori/integrations-anthropic": {
      "resolved": "packages/anthropic",
      "link": true
    },
    "node_modules/@chidori/integrations-airtable": {
      "resolved": "packages/airtable",
      "link": true
    },
    "node_modules/@chidori/integrations-asana": {
      "resolved": "packages/asana",
      "link": true
    },
    "node_modules/@chidori/integrations-ai21": {
      "resolved": "packages/ai21",
      "link": true
    },
    "node_modules/@chidori/integrations-aleph-alpha": {
      "resolved": "packages/aleph-alpha",
      "link": true
    },
    "node_modules/@chidori/integrations-aws": {
      "resolved": "packages/aws",
      "link": true
    },
    "node_modules/@chidori/integrations-azure": {
      "resolved": "packages/azure",
      "link": true
    },
    "node_modules/@chidori/integrations-baidu": {
      "resolved": "packages/baidu",
      "link": true
    },
    "node_modules/@chidori/integrations-browser": {
      "resolved": "packages/browser",
      "link": true
    },
    "node_modules/@chidori/integrations-clicksend": {
      "resolved": "packages/clicksend",
      "link": true
    },
    "node_modules/@chidori/integrations-cloudflare": {
      "resolved": "packages/cloudflare",
      "link": true
    },
    "node_modules/@chidori/integrations-composio": {
      "resolved": "packages/composio",
      "link": true
    },
    "node_modules/@chidori/integrations-confluence": {
      "resolved": "packages/confluence",
      "link": true
    },
    "node_modules/@chidori/integrations-contextual": {
      "resolved": "packages/contextual",
      "link": true
    },
    "node_modules/@chidori/integrations-databricks": {
      "resolved": "packages/databricks",
      "link": true
    },
    "node_modules/@chidori/integrations-cohere": {
      "resolved": "packages/cohere",
      "link": true
    },
    "node_modules/@chidori/integrations-core": {
      "resolved": "packages/core",
      "link": true
    },
    "node_modules/@chidori/integrations-discord": {
      "resolved": "packages/discord",
      "link": true
    },
    "node_modules/@chidori/integrations-dropbox": {
      "resolved": "packages/dropbox",
      "link": true
    },
    "node_modules/@chidori/integrations-elevenlabs": {
      "resolved": "packages/elevenlabs",
      "link": true
    },
    "node_modules/@chidori/integrations-finance": {
      "resolved": "packages/finance",
      "link": true
    },
    "node_modules/@chidori/integrations-github": {
      "resolved": "packages/github",
      "link": true
    },
    "node_modules/@chidori/integrations-gitlab": {
      "resolved": "packages/gitlab",
      "link": true
    },
    "node_modules/@chidori/integrations-google": {
      "resolved": "packages/google",
      "link": true
    },
    "node_modules/@chidori/integrations-groq": {
      "resolved": "packages/groq",
      "link": true
    },
    "node_modules/@chidori/integrations-hubspot": {
      "resolved": "packages/hubspot",
      "link": true
    },
    "node_modules/@chidori/integrations-ibm": {
      "resolved": "packages/ibm",
      "link": true
    },
    "node_modules/@chidori/integrations-jigsawstack": {
      "resolved": "packages/jigsawstack",
      "link": true
    },
    "node_modules/@chidori/integrations-jina": {
      "resolved": "packages/jina",
      "link": true
    },
    "node_modules/@chidori/integrations-jira": {
      "resolved": "packages/jira",
      "link": true
    },
    "node_modules/@chidori/integrations-linear": {
      "resolved": "packages/linear",
      "link": true
    },
    "node_modules/@chidori/integrations-microsoft": {
      "resolved": "packages/microsoft",
      "link": true
    },
    "node_modules/@chidori/integrations-monday": {
      "resolved": "packages/monday",
      "link": true
    },
    "node_modules/@chidori/integrations-neo4j": {
      "resolved": "packages/neo4j",
      "link": true
    },
    "node_modules/@chidori/integrations-loaders": {
      "resolved": "packages/loaders",
      "link": true
    },
    "node_modules/@chidori/integrations-mistral": {
      "resolved": "packages/mistral",
      "link": true
    },
    "node_modules/@chidori/integrations-mixedbread": {
      "resolved": "packages/mixedbread",
      "link": true
    },
    "node_modules/@chidori/integrations-nomic": {
      "resolved": "packages/nomic",
      "link": true
    },
    "node_modules/@chidori/integrations-notion": {
      "resolved": "packages/notion",
      "link": true
    },
    "node_modules/@chidori/integrations-ollama": {
      "resolved": "packages/ollama",
      "link": true
    },
    "node_modules/@chidori/integrations-openai": {
      "resolved": "packages/openai",
      "link": true
    },
    "node_modules/@chidori/integrations-openai-compatible": {
      "resolved": "packages/openai-compatible",
      "link": true
    },
    "node_modules/@chidori/integrations-openrouter": {
      "resolved": "packages/openrouter",
      "link": true
    },
    "node_modules/@chidori/integrations-pagerduty": {
      "resolved": "packages/pagerduty",
      "link": true
    },
    "node_modules/@chidori/integrations-replicate": {
      "resolved": "packages/replicate",
      "link": true
    },
    "node_modules/@chidori/integrations-retrievers": {
      "resolved": "packages/retrievers",
      "link": true
    },
    "node_modules/@chidori/integrations-slack": {
      "resolved": "packages/slack",
      "link": true
    },
    "node_modules/@chidori/integrations-shopify": {
      "resolved": "packages/shopify",
      "link": true
    },
    "node_modules/@chidori/integrations-salesforce": {
      "resolved": "packages/salesforce",
      "link": true
    },
    "node_modules/@chidori/integrations-sendgrid": {
      "resolved": "packages/sendgrid",
      "link": true
    },
    "node_modules/@chidori/integrations-servicenow": {
      "resolved": "packages/servicenow",
      "link": true
    },
    "node_modules/@chidori/integrations-stripe": {
      "resolved": "packages/stripe",
      "link": true
    },
    "node_modules/@chidori/integrations-zendesk": {
      "resolved": "packages/zendesk",
      "link": true
    },
    "node_modules/@chidori/integrations-text": {
      "resolved": "packages/text",
      "link": true
    },
    "node_modules/@chidori/integrations-typeform": {
      "resolved": "packages/typeform",
      "link": true
    },
    "node_modules/@chidori/integrations-twilio": {
      "resolved": "packages/twilio",
      "link": true
    },
    "node_modules/@chidori/integrations-todoist": {
      "resolved": "packages/todoist",
      "link": true
    },
    "node_modules/@chidori/integrations-trello": {
      "resolved": "packages/trello",
      "link": true
    },
    "node_modules/@chidori/integrations-vectorstores": {
      "resolved": "packages/vectorstores",
      "link": true
    },
    "node_modules/@chidori/integrations-voyage": {
      "resolved": "packages/voyage",
      "link": true
    },
    "node_modules/@chidori/integrations-web": {
      "resolved": "packages/web",
      "link": true
    },
    "node_modules/@chidori/integrations-writer": {
      "resolved": "packages/writer",
      "link": true
    },
    "node_modules/@chidori/integrations-yandex": {
      "resolved": "packages/yandex",
      "link": true
    },
    "node_modules/typescript": {
      "version": "5.9.3",
      "resolved": "https://registry.npmjs.org/typescript/-/typescript-5.9.3.tgz",
      "integrity": "sha512-jl1vZzPDinLr9eUt3J/t7V6FgNEw9QjvBPdysz9KfQDD41fQrC2Y4vKQdiaUpFT4bXlb1RHhLpp8wtm6M5TgSw==",
      "dev": true,
      "license": "Apache-2.0",
      "bin": {
        "tsc": "bin/tsc",
        "tsserver": "bin/tsserver"
      },
      "engines": {
        "node": ">=14.17"
      }
    },
    "packages/ai21": {
      "name": "@chidori/integrations-ai21",
      "version": "0.1.0",
      "license": "Apache-2.0",
      "dependencies": {
        "@chidori/integrations-core": "0.1.0"
      },
      "peerDependencies": {
        "chidori": ">=3.0.0"
      },
      "peerDependenciesMeta": {
        "chidori": {
          "optional": true
        }
      }
    },
    "packages/aleph-alpha": {
      "name": "@chidori/integrations-aleph-alpha",
      "version": "0.1.0",
      "license": "Apache-2.0",
      "dependencies": {
        "@chidori/integrations-core": "0.1.0"
      },
      "peerDependencies": {
        "chidori": ">=3.0.0"
      },
      "peerDependenciesMeta": {
        "chidori": {
          "optional": true
        }
      }
    },
    "packages/airtable": {
      "name": "@chidori/integrations-airtable",
      "version": "0.1.0",
      "license": "Apache-2.0",
      "dependencies": {
        "@chidori/integrations-core": "0.1.0"
      },
      "peerDependencies": {
        "chidori": ">=3.0.0"
      },
      "peerDependenciesMeta": {
        "chidori": {
          "optional": true
        }
      }
    },
    "packages/anthropic": {
      "name": "@chidori/integrations-anthropic",
      "version": "0.1.0",
      "license": "Apache-2.0",
      "dependencies": {
        "@chidori/integrations-core": "0.1.0"
      },
      "peerDependencies": {
        "chidori": ">=3.0.0"
      },
      "peerDependenciesMeta": {
        "chidori": {
          "optional": true
        }
      }
    },
    "packages/asana": {
      "name": "@chidori/integrations-asana",
      "version": "0.1.0",
      "license": "Apache-2.0",
      "dependencies": {
        "@chidori/integrations-core": "0.1.0"
      },
      "peerDependencies": {
        "chidori": ">=3.0.0"
      },
      "peerDependenciesMeta": {
        "chidori": {
          "optional": true
        }
      }
    },
    "packages/aws": {
      "name": "@chidori/integrations-aws",
      "version": "0.1.0",
      "license": "Apache-2.0",
      "dependencies": {
        "@chidori/integrations-core": "0.1.0"
      },
      "peerDependencies": {
        "chidori": ">=3.0.0"
      },
      "peerDependenciesMeta": {
        "chidori": {
          "optional": true
        }
      }
    },
    "packages/baidu": {
      "name": "@chidori/integrations-baidu",
      "version": "0.1.0",
      "license": "Apache-2.0",
      "dependencies": {
        "@chidori/integrations-core": "0.1.0"
      },
      "peerDependencies": {
        "chidori": ">=3.0.0"
      },
      "peerDependenciesMeta": {
        "chidori": {
          "optional": true
        }
      }
    },
    "packages/azure": {
      "name": "@chidori/integrations-azure",
      "version": "0.1.0",
      "license": "Apache-2.0",
      "dependencies": {
        "@chidori/integrations-core": "0.1.0"
      },
      "peerDependencies": {
        "chidori": ">=3.0.0"
      },
      "peerDependenciesMeta": {
        "chidori": {
          "optional": true
        }
      }
    },
    "packages/browser": {
      "name": "@chidori/integrations-browser",
      "version": "0.1.0",
      "license": "Apache-2.0",
      "dependencies": {
        "@chidori/integrations-core": "0.1.0"
      },
      "peerDependencies": {
        "chidori": ">=3.0.0"
      },
      "peerDependenciesMeta": {
        "chidori": {
          "optional": true
        }
      }
    },
    "packages/clicksend": {
      "name": "@chidori/integrations-clicksend",
      "version": "0.1.0",
      "license": "Apache-2.0",
      "dependencies": {
        "@chidori/integrations-core": "0.1.0"
      },
      "peerDependencies": {
        "chidori": ">=3.0.0"
      },
      "peerDependenciesMeta": {
        "chidori": {
          "optional": true
        }
      }
    },
    "packages/cloudflare": {
      "name": "@chidori/integrations-cloudflare",
      "version": "0.1.0",
      "license": "Apache-2.0",
      "dependencies": {
        "@chidori/integrations-core": "0.1.0"
      },
      "peerDependencies": {
        "chidori": ">=3.0.0"
      },
      "peerDependenciesMeta": {
        "chidori": {
          "optional": true
        }
      }
    },
    "packages/composio": {
      "name": "@chidori/integrations-composio",
      "version": "0.1.0",
      "license": "Apache-2.0",
      "dependencies": {
        "@chidori/integrations-core": "0.1.0"
      },
      "peerDependencies": {
        "chidori": ">=3.0.0"
      },
      "peerDependenciesMeta": {
        "chidori": {
          "optional": true
        }
      }
    },
    "packages/cohere": {
      "name": "@chidori/integrations-cohere",
      "version": "0.1.0",
      "license": "Apache-2.0",
      "dependencies": {
        "@chidori/integrations-core": "0.1.0"
      },
      "peerDependencies": {
        "chidori": ">=3.0.0"
      },
      "peerDependenciesMeta": {
        "chidori": {
          "optional": true
        }
      }
    },
    "packages/confluence": {
      "name": "@chidori/integrations-confluence",
      "version": "0.1.0",
      "license": "Apache-2.0",
      "dependencies": {
        "@chidori/integrations-core": "0.1.0"
      },
      "peerDependencies": {
        "chidori": ">=3.0.0"
      },
      "peerDependenciesMeta": {
        "chidori": {
          "optional": true
        }
      }
    },
    "packages/contextual": {
      "name": "@chidori/integrations-contextual",
      "version": "0.1.0",
      "license": "Apache-2.0",
      "dependencies": {
        "@chidori/integrations-core": "0.1.0"
      },
      "peerDependencies": {
        "chidori": ">=3.0.0"
      },
      "peerDependenciesMeta": {
        "chidori": {
          "optional": true
        }
      }
    },
    "packages/databricks": {
      "name": "@chidori/integrations-databricks",
      "version": "0.1.0",
      "license": "Apache-2.0",
      "dependencies": {
        "@chidori/integrations-core": "0.1.0"
      },
      "peerDependencies": {
        "chidori": ">=3.0.0"
      },
      "peerDependenciesMeta": {
        "chidori": {
          "optional": true
        }
      }
    },
    "packages/core": {
      "name": "@chidori/integrations-core",
      "version": "0.1.0",
      "license": "Apache-2.0",
      "peerDependencies": {
        "chidori": ">=3.0.0"
      },
      "peerDependenciesMeta": {
        "chidori": {
          "optional": true
        }
      }
    },
    "packages/discord": {
      "name": "@chidori/integrations-discord",
      "version": "0.1.0",
      "license": "Apache-2.0",
      "dependencies": {
        "@chidori/integrations-core": "0.1.0"
      },
      "peerDependencies": {
        "chidori": ">=3.0.0"
      },
      "peerDependenciesMeta": {
        "chidori": {
          "optional": true
        }
      }
    },
    "packages/elevenlabs": {
      "name": "@chidori/integrations-elevenlabs",
      "version": "0.1.0",
      "license": "Apache-2.0",
      "dependencies": {
        "@chidori/integrations-core": "0.1.0"
      },
      "peerDependencies": {
        "chidori": ">=3.0.0"
      },
      "peerDependenciesMeta": {
        "chidori": {
          "optional": true
        }
      }
    },
    "packages/dropbox": {
      "name": "@chidori/integrations-dropbox",
      "version": "0.1.0",
      "license": "Apache-2.0",
      "dependencies": {
        "@chidori/integrations-core": "0.1.0"
      },
      "peerDependencies": {
        "chidori": ">=3.0.0"
      },
      "peerDependenciesMeta": {
        "chidori": {
          "optional": true
        }
      }
    },
    "packages/finance": {
      "name": "@chidori/integrations-finance",
      "version": "0.1.0",
      "license": "Apache-2.0",
      "dependencies": {
        "@chidori/integrations-core": "0.1.0"
      },
      "peerDependencies": {
        "chidori": ">=3.0.0"
      },
      "peerDependenciesMeta": {
        "chidori": {
          "optional": true
        }
      }
    },
    "packages/github": {
      "name": "@chidori/integrations-github",
      "version": "0.1.0",
      "license": "Apache-2.0",
      "dependencies": {
        "@chidori/integrations-core": "0.1.0"
      },
      "peerDependencies": {
        "chidori": ">=3.0.0"
      },
      "peerDependenciesMeta": {
        "chidori": {
          "optional": true
        }
      }
    },
    "packages/gitlab": {
      "name": "@chidori/integrations-gitlab",
      "version": "0.1.0",
      "license": "Apache-2.0",
      "dependencies": {
        "@chidori/integrations-core": "0.1.0"
      },
      "peerDependencies": {
        "chidori": ">=3.0.0"
      },
      "peerDependenciesMeta": {
        "chidori": {
          "optional": true
        }
      }
    },
    "packages/google": {
      "name": "@chidori/integrations-google",
      "version": "0.1.0",
      "license": "Apache-2.0",
      "dependencies": {
        "@chidori/integrations-core": "0.1.0"
      },
      "peerDependencies": {
        "chidori": ">=3.0.0"
      },
      "peerDependenciesMeta": {
        "chidori": {
          "optional": true
        }
      }
    },
    "packages/groq": {
      "name": "@chidori/integrations-groq",
      "version": "0.1.0",
      "license": "Apache-2.0",
      "dependencies": {
        "@chidori/integrations-core": "0.1.0"
      },
      "peerDependencies": {
        "chidori": ">=3.0.0"
      },
      "peerDependenciesMeta": {
        "chidori": {
          "optional": true
        }
      }
    },
    "packages/hubspot": {
      "name": "@chidori/integrations-hubspot",
      "version": "0.1.0",
      "license": "Apache-2.0",
      "dependencies": {
        "@chidori/integrations-core": "0.1.0"
      },
      "peerDependencies": {
        "chidori": ">=3.0.0"
      },
      "peerDependenciesMeta": {
        "chidori": {
          "optional": true
        }
      }
    },
    "packages/ibm": {
      "name": "@chidori/integrations-ibm",
      "version": "0.1.0",
      "license": "Apache-2.0",
      "dependencies": {
        "@chidori/integrations-core": "0.1.0"
      },
      "peerDependencies": {
        "chidori": ">=3.0.0"
      },
      "peerDependenciesMeta": {
        "chidori": {
          "optional": true
        }
      }
    },
    "packages/jigsawstack": {
      "name": "@chidori/integrations-jigsawstack",
      "version": "0.1.0",
      "license": "Apache-2.0",
      "dependencies": {
        "@chidori/integrations-core": "0.1.0"
      },
      "peerDependencies": {
        "chidori": ">=3.0.0"
      },
      "peerDependenciesMeta": {
        "chidori": {
          "optional": true
        }
      }
    },
    "packages/jina": {
      "name": "@chidori/integrations-jina",
      "version": "0.1.0",
      "license": "Apache-2.0",
      "dependencies": {
        "@chidori/integrations-core": "0.1.0"
      },
      "peerDependencies": {
        "chidori": ">=3.0.0"
      },
      "peerDependenciesMeta": {
        "chidori": {
          "optional": true
        }
      }
    },
    "packages/jira": {
      "name": "@chidori/integrations-jira",
      "version": "0.1.0",
      "license": "Apache-2.0",
      "dependencies": {
        "@chidori/integrations-core": "0.1.0"
      },
      "peerDependencies": {
        "chidori": ">=3.0.0"
      },
      "peerDependenciesMeta": {
        "chidori": {
          "optional": true
        }
      }
    },
    "packages/linear": {
      "name": "@chidori/integrations-linear",
      "version": "0.1.0",
      "license": "Apache-2.0",
      "dependencies": {
        "@chidori/integrations-core": "0.1.0"
      },
      "peerDependencies": {
        "chidori": ">=3.0.0"
      },
      "peerDependenciesMeta": {
        "chidori": {
          "optional": true
        }
      }
    },
    "packages/microsoft": {
      "name": "@chidori/integrations-microsoft",
      "version": "0.1.0",
      "license": "Apache-2.0",
      "dependencies": {
        "@chidori/integrations-core": "0.1.0"
      },
      "peerDependencies": {
        "chidori": ">=3.0.0"
      },
      "peerDependenciesMeta": {
        "chidori": {
          "optional": true
        }
      }
    },
    "packages/monday": {
      "name": "@chidori/integrations-monday",
      "version": "0.1.0",
      "license": "Apache-2.0",
      "dependencies": {
        "@chidori/integrations-core": "0.1.0"
      },
      "peerDependencies": {
        "chidori": ">=3.0.0"
      },
      "peerDependenciesMeta": {
        "chidori": {
          "optional": true
        }
      }
    },
    "packages/loaders": {
      "name": "@chidori/integrations-loaders",
      "version": "0.1.0",
      "license": "Apache-2.0",
      "dependencies": {
        "@chidori/integrations-core": "0.1.0",
        "@chidori/integrations-text": "0.1.0"
      },
      "peerDependencies": {
        "chidori": ">=3.0.0"
      },
      "peerDependenciesMeta": {
        "chidori": {
          "optional": true
        }
      }
    },
    "packages/mistral": {
      "name": "@chidori/integrations-mistral",
      "version": "0.1.0",
      "license": "Apache-2.0",
      "dependencies": {
        "@chidori/integrations-core": "0.1.0"
      },
      "peerDependencies": {
        "chidori": ">=3.0.0"
      },
      "peerDependenciesMeta": {
        "chidori": {
          "optional": true
        }
      }
    },
    "packages/mixedbread": {
      "name": "@chidori/integrations-mixedbread",
      "version": "0.1.0",
      "license": "Apache-2.0",
      "dependencies": {
        "@chidori/integrations-core": "0.1.0"
      },
      "peerDependencies": {
        "chidori": ">=3.0.0"
      },
      "peerDependenciesMeta": {
        "chidori": {
          "optional": true
        }
      }
    },
    "packages/nomic": {
      "name": "@chidori/integrations-nomic",
      "version": "0.1.0",
      "license": "Apache-2.0",
      "dependencies": {
        "@chidori/integrations-core": "0.1.0"
      },
      "peerDependencies": {
        "chidori": ">=3.0.0"
      },
      "peerDependenciesMeta": {
        "chidori": {
          "optional": true
        }
      }
    },
    "packages/neo4j": {
      "name": "@chidori/integrations-neo4j",
      "version": "0.1.0",
      "license": "Apache-2.0",
      "dependencies": {
        "@chidori/integrations-core": "0.1.0"
      },
      "peerDependencies": {
        "chidori": ">=3.0.0"
      },
      "peerDependenciesMeta": {
        "chidori": {
          "optional": true
        }
      }
    },
    "packages/notion": {
      "name": "@chidori/integrations-notion",
      "version": "0.1.0",
      "license": "Apache-2.0",
      "dependencies": {
        "@chidori/integrations-core": "0.1.0"
      },
      "peerDependencies": {
        "chidori": ">=3.0.0"
      },
      "peerDependenciesMeta": {
        "chidori": {
          "optional": true
        }
      }
    },
    "packages/ollama": {
      "name": "@chidori/integrations-ollama",
      "version": "0.1.0",
      "license": "Apache-2.0",
      "dependencies": {
        "@chidori/integrations-core": "0.1.0"
      },
      "peerDependencies": {
        "chidori": ">=3.0.0"
      },
      "peerDependenciesMeta": {
        "chidori": {
          "optional": true
        }
      }
    },
    "packages/openai": {
      "name": "@chidori/integrations-openai",
      "version": "0.1.0",
      "license": "Apache-2.0",
      "dependencies": {
        "@chidori/integrations-core": "0.1.0"
      },
      "peerDependencies": {
        "chidori": ">=3.0.0"
      },
      "peerDependenciesMeta": {
        "chidori": {
          "optional": true
        }
      }
    },
    "packages/openai-compatible": {
      "name": "@chidori/integrations-openai-compatible",
      "version": "0.1.0",
      "license": "Apache-2.0",
      "dependencies": {
        "@chidori/integrations-core": "0.1.0"
      },
      "peerDependencies": {
        "chidori": ">=3.0.0"
      },
      "peerDependenciesMeta": {
        "chidori": {
          "optional": true
        }
      }
    },
    "packages/openrouter": {
      "name": "@chidori/integrations-openrouter",
      "version": "0.1.0",
      "license": "Apache-2.0",
      "dependencies": {
        "@chidori/integrations-core": "0.1.0"
      },
      "peerDependencies": {
        "chidori": ">=3.0.0"
      },
      "peerDependenciesMeta": {
        "chidori": {
          "optional": true
        }
      }
    },
    "packages/pagerduty": {
      "name": "@chidori/integrations-pagerduty",
      "version": "0.1.0",
      "license": "Apache-2.0",
      "dependencies": {
        "@chidori/integrations-core": "0.1.0"
      },
      "peerDependencies": {
        "chidori": ">=3.0.0"
      },
      "peerDependenciesMeta": {
        "chidori": {
          "optional": true
        }
      }
    },
    "packages/replicate": {
      "name": "@chidori/integrations-replicate",
      "version": "0.1.0",
      "license": "Apache-2.0",
      "dependencies": {
        "@chidori/integrations-core": "0.1.0"
      },
      "peerDependencies": {
        "chidori": ">=3.0.0"
      },
      "peerDependenciesMeta": {
        "chidori": {
          "optional": true
        }
      }
    },
    "packages/retrievers": {
      "name": "@chidori/integrations-retrievers",
      "version": "0.1.0",
      "license": "Apache-2.0",
      "dependencies": {
        "@chidori/integrations-core": "0.1.0"
      },
      "peerDependencies": {
        "chidori": ">=3.0.0"
      },
      "peerDependenciesMeta": {
        "chidori": {
          "optional": true
        }
      }
    },
    "packages/slack": {
      "name": "@chidori/integrations-slack",
      "version": "0.1.0",
      "license": "Apache-2.0",
      "dependencies": {
        "@chidori/integrations-core": "0.1.0"
      },
      "peerDependencies": {
        "chidori": ">=3.0.0"
      },
      "peerDependenciesMeta": {
        "chidori": {
          "optional": true
        }
      }
    },
    "packages/shopify": {
      "name": "@chidori/integrations-shopify",
      "version": "0.1.0",
      "license": "Apache-2.0",
      "dependencies": {
        "@chidori/integrations-core": "0.1.0"
      },
      "peerDependencies": {
        "chidori": ">=3.0.0"
      },
      "peerDependenciesMeta": {
        "chidori": {
          "optional": true
        }
      }
    },
    "packages/salesforce": {
      "name": "@chidori/integrations-salesforce",
      "version": "0.1.0",
      "license": "Apache-2.0",
      "dependencies": {
        "@chidori/integrations-core": "0.1.0"
      },
      "peerDependencies": {
        "chidori": ">=3.0.0"
      },
      "peerDependenciesMeta": {
        "chidori": {
          "optional": true
        }
      }
    },
    "packages/sendgrid": {
      "name": "@chidori/integrations-sendgrid",
      "version": "0.1.0",
      "license": "Apache-2.0",
      "dependencies": {
        "@chidori/integrations-core": "0.1.0"
      },
      "peerDependencies": {
        "chidori": ">=3.0.0"
      },
      "peerDependenciesMeta": {
        "chidori": {
          "optional": true
        }
      }
    },
    "packages/servicenow": {
      "name": "@chidori/integrations-servicenow",
      "version": "0.1.0",
      "license": "Apache-2.0",
      "dependencies": {
        "@chidori/integrations-core": "0.1.0"
      },
      "peerDependencies": {
        "chidori": ">=3.0.0"
      },
      "peerDependenciesMeta": {
        "chidori": {
          "optional": true
        }
      }
    },
    "packages/stripe": {
      "name": "@chidori/integrations-stripe",
      "version": "0.1.0",
      "license": "Apache-2.0",
      "dependencies": {
        "@chidori/integrations-core": "0.1.0"
      },
      "peerDependencies": {
        "chidori": ">=3.0.0"
      },
      "peerDependenciesMeta": {
        "chidori": {
          "optional": true
        }
      }
    },
    "packages/zendesk": {
      "name": "@chidori/integrations-zendesk",
      "version": "0.1.0",
      "license": "Apache-2.0",
      "dependencies": {
        "@chidori/integrations-core": "0.1.0"
      },
      "peerDependencies": {
        "chidori": ">=3.0.0"
      },
      "peerDependenciesMeta": {
        "chidori": {
          "optional": true
        }
      }
    },
    "packages/text": {
      "name": "@chidori/integrations-text",
      "version": "0.1.0",
      "license": "Apache-2.0",
      "dependencies": {
        "@chidori/integrations-core": "0.1.0"
      },
      "peerDependencies": {
        "chidori": ">=3.0.0"
      },
      "peerDependenciesMeta": {
        "chidori": {
          "optional": true
        }
      }
    },
    "packages/typeform": {
      "name": "@chidori/integrations-typeform",
      "version": "0.1.0",
      "license": "Apache-2.0",
      "dependencies": {
        "@chidori/integrations-core": "0.1.0"
      },
      "peerDependencies": {
        "chidori": ">=3.0.0"
      },
      "peerDependenciesMeta": {
        "chidori": {
          "optional": true
        }
      }
    },
    "packages/twilio": {
      "name": "@chidori/integrations-twilio",
      "version": "0.1.0",
      "license": "Apache-2.0",
      "dependencies": {
        "@chidori/integrations-core": "0.1.0"
      },
      "peerDependencies": {
        "chidori": ">=3.0.0"
      },
      "peerDependenciesMeta": {
        "chidori": {
          "optional": true
        }
      }
    },
    "packages/todoist": {
      "name": "@chidori/integrations-todoist",
      "version": "0.1.0",
      "license": "Apache-2.0",
      "dependencies": {
        "@chidori/integrations-core": "0.1.0"
      },
      "peerDependencies": {
        "chidori": ">=3.0.0"
      },
      "peerDependenciesMeta": {
        "chidori": {
          "optional": true
        }
      }
    },
    "packages/trello": {
      "name": "@chidori/integrations-trello",
      "version": "0.1.0",
      "license": "Apache-2.0",
      "dependencies": {
        "@chidori/integrations-core": "0.1.0"
      },
      "peerDependencies": {
        "chidori": ">=3.0.0"
      },
      "peerDependenciesMeta": {
        "chidori": {
          "optional": true
        }
      }
    },
    "packages/vectorstores": {
      "name": "@chidori/integrations-vectorstores",
      "version": "0.1.0",
      "license": "Apache-2.0",
      "dependencies": {
        "@chidori/integrations-core": "0.1.0"
      },
      "peerDependencies": {
        "chidori": ">=3.0.0"
      },
      "peerDependenciesMeta": {
        "chidori": {
          "optional": true
        }
      }
    },
    "packages/voyage": {
      "name": "@chidori/integrations-voyage",
      "version": "0.1.0",
      "license": "Apache-2.0",
      "dependencies": {
        "@chidori/integrations-core": "0.1.0"
      },
      "peerDependencies": {
        "chidori": ">=3.0.0"
      },
      "peerDependenciesMeta": {
        "chidori": {
          "optional": true
        }
      }
    },
    "packages/web": {
      "name": "@chidori/integrations-web",
      "version": "0.1.0",
      "license": "Apache-2.0",
      "dependencies": {
        "@chidori/integrations-core": "0.1.0"
      },
      "peerDependencies": {
        "chidori": ">=3.0.0"
      },
      "peerDependenciesMeta": {
        "chidori": {
          "optional": true
        }
      }
    },
    "packages/writer": {
      "name": "@chidori/integrations-writer",
      "version": "0.1.0",
      "license": "Apache-2.0",
      "dependencies": {
        "@chidori/integrations-core": "0.1.0"
      },
      "peerDependencies": {
        "chidori": ">=3.0.0"
      },
      "peerDependenciesMeta": {
        "chidori": {
          "optional": true
        }
      }
    },
    "packages/yandex": {
      "name": "@chidori/integrations-yandex",
      "version": "0.1.0",
      "license": "Apache-2.0",
      "dependencies": {
        "@chidori/integrations-core": "0.1.0"
      },
      "peerDependencies": {
        "chidori": ">=3.0.0"
      },
      "peerDependenciesMeta": {
        "chidori": {
          "optional": true
        }
      }
    }
  }
}
